
Microsoft Visual Studio Solution File, Format Version 12.00
# Visual Studio 15
VisualStudioVersion = 15.0.26730.15
MinimumVisualStudioVersion = 10.0.40219.1
Project("{8BC9CEB8-8B4A-11D0-8D11-00A0C91BC942}") = "OpenglDemo", "OpenglDemo\OpenglDemo.vcxproj", "{B4E83CB4-3E67-457F-975C-E5A67D92E8BF}"
EndProject
Project("{8BC9CEB8-8B4A-11D0-8D11-00A0C91BC942}") = "Learn2", "Learn2\Learn2.vcxproj", "{D91429CE-E323-4D7A-B594-2C46A6C83418}"
EndProject
Project("{8BC9CEB8-8B4A-11D0-8D11-00A0C91BC942}") = "Learn3-纹理", "Learn3-纹理\Learn3-纹理.vcxproj", "{06DDA485-11B9-4136-B3D1-38DF54238974}"
EndProject
Project("{8BC9CEB8-8B4A-11D0-8D11-00A0C91BC942}") = "Learn4-初入3D", "Learn4-初入3D\Learn4-初入3D.vcxproj", "{00A44BBF-3DFC-4E80-A7C5-C2B2F173E78B}"
EndProject
Project("{8BC9CEB8-8B4A-11D0-8D11-00A0C91BC942}") = "Learn5-摄像机", "Learn5-摄像机\Learn5-摄像机.vcxproj", "{17856E7A-E526-438B-A8F8-0EE6A5AFD283}"
EndProject
Project("{8BC9CEB8-8B4A-11D0-8D11-00A0C91BC942}") = "Learn6-光照基础", "Learn6-光照基础\Learn6-光照基础.vcxproj", "{9DD6E35D-4DB8-4B5E-81BE-2E82113BCC74}"
EndProject
Project("{8BC9CEB8-8B4A-11D0-8D11-00A0C91BC942}") = "Learn7-光照贴图", "Learn7-光照贴图\Learn7-光照贴图.vcxproj", "{65823403-2ADB-4439-845C-8A39549EC574}"
EndProject
Project("{8BC9CEB8-8B4A-11D0-8D11-00A0C91BC942}") = "Learn8-点光源", "Learn8-投光物\Learn8-投光物.vcxproj", "{0A3835A9-023D-4CD3-A177-3EFA9FC57D2E}"
EndProject
Project("{8BC9CEB8-8B4A-11D0-8D11-00A0C91BC942}") = "Learn9-聚光灯", "Learn9-聚光灯\Learn9-聚光灯.vcxproj", "{EA596E54-42A8-4618-9222-FD74EE0B660F}"
EndProject
Project("{8BC9CEB8-8B4A-11D0-8D11-00A0C91BC942}") = "Learn10-加载模型", "Learn10-加载模型\Learn10-加载模型.vcxproj", "{A7966752-84AA-458A-B77B-BF996B0A1FE5}"
EndProject
Project("{8BC9CEB8-8B4A-11D0-8D11-00A0C91BC942}") = "Learn11-模板测试", "Learn11-模板测试\Learn11-模板测试.vcxproj", "{C783399C-3538-48F9-820A-7E165A2AAA4C}"
EndProject
Project("{8BC9CEB8-8B4A-11D0-8D11-00A0C91BC942}") = "Learn12-混合", "Learn12-混合\Learn12-混合.vcxproj", "{87801469-C759-4A48-ADD4-DF62DA5BB85A}"
EndProject
Project("{8BC9CEB8-8B4A-11D0-8D11-00A0C91BC942}") = "Learn13-帧缓冲", "Learn13-帧缓冲\Learn13-帧缓冲.vcxproj", "{2F75CBD6-5DDF-4450-8546-D0FFBAB70BD5}"
EndProject
Project("{8BC9CEB8-8B4A-11D0-8D11-00A0C91BC942}") = "Learn14-立方体贴图", "Learn14-立方体贴图\Learn14-立方体贴图.vcxproj", "{D855E844-F22A-4B6A-A274-65BC395D8E2E}"
EndProject
Project("{8BC9CEB8-8B4A-11D0-8D11-00A0C91BC942}") = "Learn15-几何着色器", "Learn15-几何着色器\Learn15-几何着色器.vcxproj", "{ADE4BFBD-F158-41A6-88AA-E8F513567CF7}"
EndProject
Project("{8BC9CEB8-8B4A-11D0-8D11-00A0C91BC942}") = "Learn16-实例化", "Learn16-实例化\Learn16-实例化.vcxproj", "{07AE3535-00E8-4B3E-844F-724846F6DAF2}"
EndProject
Project("{8BC9CEB8-8B4A-11D0-8D11-00A0C91BC942}") = "Learn17-抗锯齿化", "Learn17-抗锯齿化\Learn17-抗锯齿化.vcxproj", "{FFFCFE65-0DEC-4128-A859-5577EFF7841B}"
EndProject
Project("{8BC9CEB8-8B4A-11D0-8D11-00A0C91BC942}") = "Learn18-阴影贴图", "Learn18-阴影贴图\Learn18-阴影贴图.vcxproj", "{CE0996E2-89C0-427C-BDB2-11C38948E444}"
EndProject
Project("{8BC9CEB8-8B4A-11D0-8D11-00A0C91BC942}") = "Learn19-点阴影", "Learn19-点阴影\Learn19-点阴影.vcxproj", "{5E7CCE85-7B0E-4C55-8ACF-F2B83ADB02C6}"
EndProject
Project("{8BC9CEB8-8B4A-11D0-8D11-00A0C91BC942}") = "Learn20-法线贴图", "Learn20-法线贴图\Learn20-法线贴图.vcxproj", "{55A536F1-E013-4A7C-925F-6CEBE5E088D0}"
EndProject
Global
	GlobalSection(SolutionConfigurationPlatforms) = preSolution
		Debug|x64 = Debug|x64
		Debug|x86 = Debug|x86
		Release|x64 = Release|x64
		Release|x86 = Release|x86
	EndGlobalSection
	GlobalSection(ProjectConfigurationPlatforms) = postSolution
		{B4E83CB4-3E67-457F-975C-E5A67D92E8BF}.Debug|x64.ActiveCfg = Debug|x64
		{B4E83CB4-3E67-457F-975C-E5A67D92E8BF}.Debug|x64.Build.0 = Debug|x64
		{B4E83CB4-3E67-457F-975C-E5A67D92E8BF}.Debug|x86.ActiveCfg = Debug|Win32
		{B4E83CB4-3E67-457F-975C-E5A67D92E8BF}.Debug|x86.Build.0 = Debug|Win32
		{B4E83CB4-3E67-457F-975C-E5A67D92E8BF}.Release|x64.ActiveCfg = Release|x64
		{B4E83CB4-3E67-457F-975C-E5A67D92E8BF}.Release|x64.Build.0 = Release|x64
		{B4E83CB4-3E67-457F-975C-E5A67D92E8BF}.Release|x86.ActiveCfg = Release|Win32
		{B4E83CB4-3E67-457F-975C-E5A67D92E8BF}.Release|x86.Build.0 = Release|Win32
		{D91429CE-E323-4D7A-B594-2C46A6C83418}.Debug|x64.ActiveCfg = Debug|x64
		{D91429CE-E323-4D7A-B594-2C46A6C83418}.Debug|x64.Build.0 = Debug|x64
		{D91429CE-E323-4D7A-B594-2C46A6C83418}.Debug|x86.ActiveCfg = Debug|Win32
		{D91429CE-E323-4D7A-B594-2C46A6C83418}.Debug|x86.Build.0 = Debug|Win32
		{D91429CE-E323-4D7A-B594-2C46A6C83418}.Release|x64.ActiveCfg = Release|x64
		{D91429CE-E323-4D7A-B594-2C46A6C83418}.Release|x64.Build.0 = Release|x64
		{D91429CE-E323-4D7A-B594-2C46A6C83418}.Release|x86.ActiveCfg = Release|Win32
		{D91429CE-E323-4D7A-B594-2C46A6C83418}.Release|x86.Build.0 = Release|Win32
		{06DDA485-11B9-4136-B3D1-38DF54238974}.Debug|x64.ActiveCfg = Debug|x64
		{06DDA485-11B9-4136-B3D1-38DF54238974}.Debug|x64.Build.0 = Debug|x64
		{06DDA485-11B9-4136-B3D1-38DF54238974}.Debug|x86.ActiveCfg = Debug|Win32
		{06DDA485-11B9-4136-B3D1-38DF54238974}.Debug|x86.Build.0 = Debug|Win32
		{06DDA485-11B9-4136-B3D1-38DF54238974}.Release|x64.ActiveCfg = Release|x64
		{06DDA485-11B9-4136-B3D1-38DF54238974}.Release|x64.Build.0 = Release|x64
		{06DDA485-11B9-4136-B3D1-38DF54238974}.Release|x86.ActiveCfg = Release|Win32
		{06DDA485-11B9-4136-B3D1-38DF54238974}.Release|x86.Build.0 = Release|Win32
		{00A44BBF-3DFC-4E80-A7C5-C2B2F173E78B}.Debug|x64.ActiveCfg = Debug|x64
		{00A44BBF-3DFC-4E80-A7C5-C2B2F173E78B}.Debug|x64.Build.0 = Debug|x64
		{00A44BBF-3DFC-4E80-A7C5-C2B2F173E78B}.Debug|x86.ActiveCfg = Debug|Win32
		{00A44BBF-3DFC-4E80-A7C5-C2B2F173E78B}.Debug|x86.Build.0 = Debug|Win32
		{00A44BBF-3DFC-4E80-A7C5-C2B2F173E78B}.Release|x64.ActiveCfg = Release|x64
		{00A44BBF-3DFC-4E80-A7C5-C2B2F173E78B}.Release|x64.Build.0 = Release|x64
		{00A44BBF-3DFC-4E80-A7C5-C2B2F173E78B}.Release|x86.ActiveCfg = Release|Win32
		{00A44BBF-3DFC-4E80-A7C5-C2B2F173E78B}.Release|x86.Build.0 = Release|Win32
		{17856E7A-E526-438B-A8F8-0EE6A5AFD283}.Debug|x64.ActiveCfg = Debug|x64
		{17856E7A-E526-438B-A8F8-0EE6A5AFD283}.Debug|x64.Build.0 = Debug|x64
		{17856E7A-E526-438B-A8F8-0EE6A5AFD283}.Debug|x86.ActiveCfg = Debug|Win32
		{17856E7A-E526-438B-A8F8-0EE6A5AFD283}.Debug|x86.Build.0 = Debug|Win32
		{17856E7A-E526-438B-A8F8-0EE6A5AFD283}.Release|x64.ActiveCfg = Release|x64
		{17856E7A-E526-438B-A8F8-0EE6A5AFD283}.Release|x64.Build.0 = Release|x64
		{17856E7A-E526-438B-A8F8-0EE6A5AFD283}.Release|x86.ActiveCfg = Release|Win32
		{17856E7A-E526-438B-A8F8-0EE6A5AFD283}.Release|x86.Build.0 = Release|Win32
		{9DD6E35D-4DB8-4B5E-81BE-2E82113BCC74}.Debug|x64.ActiveCfg = Debug|x64
		{9DD6E35D-4DB8-4B5E-81BE-2E82113BCC74}.Debug|x64.Build.0 = Debug|x64
		{9DD6E35D-4DB8-4B5E-81BE-2E82113BCC74}.Debug|x86.ActiveCfg = Debug|Win32
		{9DD6E35D-4DB8-4B5E-81BE-2E82113BCC74}.Debug|x86.Build.0 = Debug|Win32
		{9DD6E35D-4DB8-4B5E-81BE-2E82113BCC74}.Release|x64.ActiveCfg = Release|x64
		{9DD6E35D-4DB8-4B5E-81BE-2E82113BCC74}.Release|x64.Build.0 = Release|x64
		{9DD6E35D-4DB8-4B5E-81BE-2E82113BCC74}.Release|x86.ActiveCfg = Release|Win32
		{9DD6E35D-4DB8-4B5E-81BE-2E82113BCC74}.Release|x86.Build.0 = Release|Win32
		{65823403-2ADB-4439-845C-8A39549EC574}.Debug|x64.ActiveCfg = Debug|x64
		{65823403-2ADB-4439-845C-8A39549EC574}.Debug|x64.Build.0 = Debug|x64
		{65823403-2ADB-4439-845C-8A39549EC574}.Debug|x86.ActiveCfg = Debug|Win32
		{65823403-2ADB-4439-845C-8A39549EC574}.Debug|x86.Build.0 = Debug|Win32
		{65823403-2ADB-4439-845C-8A39549EC574}.Release|x64.ActiveCfg = Release|x64
		{65823403-2ADB-4439-845C-8A39549EC574}.Release|x64.Build.0 = Release|x64
		{65823403-2ADB-4439-845C-8A39549EC574}.Release|x86.ActiveCfg = Release|Win32
		{65823403-2ADB-4439-845C-8A39549EC574}.Release|x86.Build.0 = Release|Win32
		{0A3835A9-023D-4CD3-A177-3EFA9FC57D2E}.Debug|x64.ActiveCfg = Debug|x64
		{0A3835A9-023D-4CD3-A177-3EFA9FC57D2E}.Debug|x64.Build.0 = Debug|x64
		{0A3835A9-023D-4CD3-A177-3EFA9FC57D2E}.Debug|x86.ActiveCfg = Debug|Win32
		{0A3835A9-023D-4CD3-A177-3EFA9FC57D2E}.Debug|x86.Build.0 = Debug|Win32
		{0A3835A9-023D-4CD3-A177-3EFA9FC57D2E}.Release|x64.ActiveCfg = Release|x64
		{0A3835A9-023D-4CD3-A177-3EFA9FC57D2E}.Release|x64.Build.0 = Release|x64
		{0A3835A9-023D-4CD3-A177-3EFA9FC57D2E}.Release|x86.ActiveCfg = Release|Win32
		{0A3835A9-023D-4CD3-A177-3EFA9FC57D2E}.Release|x86.Build.0 = Release|Win32
		{EA596E54-42A8-4618-9222-FD74EE0B660F}.Debug|x64.ActiveCfg = Debug|x64
		{EA596E54-42A8-4618-9222-FD74EE0B660F}.Debug|x64.Build.0 = Debug|x64
		{EA596E54-42A8-4618-9222-FD74EE0B660F}.Debug|x86.ActiveCfg = Debug|Win32
		{EA596E54-42A8-4618-9222-FD74EE0B660F}.Debug|x86.Build.0 = Debug|Win32
		{EA596E54-42A8-4618-9222-FD74EE0B660F}.Release|x64.ActiveCfg = Release|x64
		{EA596E54-42A8-4618-9222-FD74EE0B660F}.Release|x64.Build.0 = Release|x64
		{EA596E54-42A8-4618-9222-FD74EE0B660F}.Release|x86.ActiveCfg = Release|Win32
		{EA596E54-42A8-4618-9222-FD74EE0B660F}.Release|x86.Build.0 = Release|Win32
		{A7966752-84AA-458A-B77B-BF996B0A1FE5}.Debug|x64.ActiveCfg = Debug|x64
		{A7966752-84AA-458A-B77B-BF996B0A1FE5}.Debug|x64.Build.0 = Debug|x64
		{A7966752-84AA-458A-B77B-BF996B0A1FE5}.Debug|x86.ActiveCfg = Debug|Win32
		{A7966752-84AA-458A-B77B-BF996B0A1FE5}.Debug|x86.Build.0 = Debug|Win32
		{A7966752-84AA-458A-B77B-BF996B0A1FE5}.Release|x64.ActiveCfg = Release|x64
		{A7966752-84AA-458A-B77B-BF996B0A1FE5}.Release|x64.Build.0 = Release|x64
		{A7966752-84AA-458A-B77B-BF996B0A1FE5}.Release|x86.ActiveCfg = Release|Win32
		{A7966752-84AA-458A-B77B-BF996B0A1FE5}.Release|x86.Build.0 = Release|Win32
		{C783399C-3538-48F9-820A-7E165A2AAA4C}.Debug|x64.ActiveCfg = Debug|x64
		{C783399C-3538-48F9-820A-7E165A2AAA4C}.Debug|x64.Build.0 = Debug|x64
		{C783399C-3538-48F9-820A-7E165A2AAA4C}.Debug|x86.ActiveCfg = Debug|Win32
		{C783399C-3538-48F9-820A-7E165A2AAA4C}.Debug|x86.Build.0 = Debug|Win32
		{C783399C-3538-48F9-820A-7E165A2AAA4C}.Release|x64.ActiveCfg = Release|x64
		{C783399C-3538-48F9-820A-7E165A2AAA4C}.Release|x64.Build.0 = Release|x64
		{C783399C-3538-48F9-820A-7E165A2AAA4C}.Release|x86.ActiveCfg = Release|Win32
		{C783399C-3538-48F9-820A-7E165A2AAA4C}.Release|x86.Build.0 = Release|Win32
		{87801469-C759-4A48-ADD4-DF62DA5BB85A}.Debug|x64.ActiveCfg = Debug|x64
		{87801469-C759-4A48-ADD4-DF62DA5BB85A}.Debug|x64.Build.0 = Debug|x64
		{87801469-C759-4A48-ADD4-DF62DA5BB85A}.Debug|x86.ActiveCfg = Debug|Win32
		{87801469-C759-4A48-ADD4-DF62DA5BB85A}.Debug|x86.Build.0 = Debug|Win32
		{87801469-C759-4A48-ADD4-DF62DA5BB85A}.Release|x64.ActiveCfg = Release|x64
		{87801469-C759-4A48-ADD4-DF62DA5BB85A}.Release|x64.Build.0 = Release|x64
		{87801469-C759-4A48-ADD4-DF62DA5BB85A}.Release|x86.ActiveCfg = Release|Win32
		{87801469-C759-4A48-ADD4-DF62DA5BB85A}.Release|x86.Build.0 = Release|Win32
		{2F75CBD6-5DDF-4450-8546-D0FFBAB70BD5}.Debug|x64.ActiveCfg = Debug|x64
		{2F75CBD6-5DDF-4450-8546-D0FFBAB70BD5}.Debug|x64.Build.0 = Debug|x64
		{2F75CBD6-5DDF-4450-8546-D0FFBAB70BD5}.Debug|x86.ActiveCfg = Debug|Win32
		{2F75CBD6-5DDF-4450-8546-D0FFBAB70BD5}.Debug|x86.Build.0 = Debug|Win32
		{2F75CBD6-5DDF-4450-8546-D0FFBAB70BD5}.Release|x64.ActiveCfg = Release|x64
		{2F75CBD6-5DDF-4450-8546-D0FFBAB70BD5}.Release|x64.Build.0 = Release|x64
		{2F75CBD6-5DDF-4450-8546-D0FFBAB70BD5}.Release|x86.ActiveCfg = Release|Win32
		{2F75CBD6-5DDF-4450-8546-D0FFBAB70BD5}.Release|x86.Build.0 = Release|Win32
		{D855E844-F22A-4B6A-A274-65BC395D8E2E}.Debug|x64.ActiveCfg = Debug|x64
		{D855E844-F22A-4B6A-A274-65BC395D8E2E}.Debug|x64.Build.0 = Debug|x64
		{D855E844-F22A-4B6A-A274-65BC395D8E2E}.Debug|x86.ActiveCfg = Debug|Win32
		{D855E844-F22A-4B6A-A274-65BC395D8E2E}.Debug|x86.Build.0 = Debug|Win32
		{D855E844-F22A-4B6A-A274-65BC395D8E2E}.Release|x64.ActiveCfg = Release|x64
		{D855E844-F22A-4B6A-A274-65BC395D8E2E}.Release|x64.Build.0 = Release|x64
		{D855E844-F22A-4B6A-A274-65BC395D8E2E}.Release|x86.ActiveCfg = Release|Win32
		{D855E844-F22A-4B6A-A274-65BC395D8E2E}.Release|x86.Build.0 = Release|Win32
		{ADE4BFBD-F158-41A6-88AA-E8F513567CF7}.Debug|x64.ActiveCfg = Debug|x64
		{ADE4BFBD-F158-41A6-88AA-E8F513567CF7}.Debug|x64.Build.0 = Debug|x64
		{ADE4BFBD-F158-41A6-88AA-E8F513567CF7}.Debug|x86.ActiveCfg = Debug|Win32
		{ADE4BFBD-F158-41A6-88AA-E8F513567CF7}.Debug|x86.Build.0 = Debug|Win32
		{ADE4BFBD-F158-41A6-88AA-E8F513567CF7}.Release|x64.ActiveCfg = Release|x64
		{ADE4BFBD-F158-41A6-88AA-E8F513567CF7}.Release|x64.Build.0 = Release|x64
		{ADE4BFBD-F158-41A6-88AA-E8F513567CF7}.Release|x86.ActiveCfg = Release|Win32
		{ADE4BFBD-F158-41A6-88AA-E8F513567CF7}.Release|x86.Build.0 = Release|Win32
		{07AE3535-00E8-4B3E-844F-724846F6DAF2}.Debug|x64.ActiveCfg = Debug|x64
		{07AE3535-00E8-4B3E-844F-724846F6DAF2}.Debug|x64.Build.0 = Debug|x64
		{07AE3535-00E8-4B3E-844F-724846F6DAF2}.Debug|x86.ActiveCfg = Debug|Win32
		{07AE3535-00E8-4B3E-844F-724846F6DAF2}.Debug|x86.Build.0 = Debug|Win32
		{07AE3535-00E8-4B3E-844F-724846F6DAF2}.Release|x64.ActiveCfg = Release|x64
		{07AE3535-00E8-4B3E-844F-724846F6DAF2}.Release|x64.Build.0 = Release|x64
		{07AE3535-00E8-4B3E-844F-724846F6DAF2}.Release|x86.ActiveCfg = Release|Win32
		{07AE3535-00E8-4B3E-844F-724846F6DAF2}.Release|x86.Build.0 = Release|Win32
		{FFFCFE65-0DEC-4128-A859-5577EFF7841B}.Debug|x64.ActiveCfg = Debug|x64
		{FFFCFE65-0DEC-4128-A859-5577EFF7841B}.Debug|x64.Build.0 = Debug|x64
		{FFFCFE65-0DEC-4128-A859-5577EFF7841B}.Debug|x86.ActiveCfg = Debug|Win32
		{FFFCFE65-0DEC-4128-A859-5577EFF7841B}.Debug|x86.Build.0 = Debug|Win32
		{FFFCFE65-0DEC-4128-A859-5577EFF7841B}.Release|x64.ActiveCfg = Release|x64
		{FFFCFE65-0DEC-4128-A859-5577EFF7841B}.Release|x64.Build.0 = Release|x64
		{FFFCFE65-0DEC-4128-A859-5577EFF7841B}.Release|x86.ActiveCfg = Release|Win32
		{FFFCFE65-0DEC-4128-A859-5577EFF7841B}.Release|x86.Build.0 = Release|Win32
		{CE0996E2-89C0-427C-BDB2-11C38948E444}.Debug|x64.ActiveCfg = Debug|x64
		{CE0996E2-89C0-427C-BDB2-11C38948E444}.Debug|x64.Build.0 = Debug|x64
		{CE0996E2-89C0-427C-BDB2-11C38948E444}.Debug|x86.ActiveCfg = Debug|Win32
		{CE0996E2-89C0-427C-BDB2-11C38948E444}.Debug|x86.Build.0 = Debug|Win32
		{CE0996E2-89C0-427C-BDB2-11C38948E444}.Release|x64.ActiveCfg = Release|x64
		{CE0996E2-89C0-427C-BDB2-11C38948E444}.Release|x64.Build.0 = Release|x64
		{CE0996E2-89C0-427C-BDB2-11C38948E444}.Release|x86.ActiveCfg = Release|Win32
		{CE0996E2-89C0-427C-BDB2-11C38948E444}.Release|x86.Build.0 = Release|Win32
		{5E7CCE85-7B0E-4C55-8ACF-F2B83ADB02C6}.Debug|x64.ActiveCfg = Debug|x64
		{5E7CCE85-7B0E-4C55-8ACF-F2B83ADB02C6}.Debug|x64.Build.0 = Debug|x64
		{5E7CCE85-7B0E-4C55-8ACF-F2B83ADB02C6}.Debug|x86.ActiveCfg = Debug|Win32
		{5E7CCE85-7B0E-4C55-8ACF-F2B83ADB02C6}.Debug|x86.Build.0 = Debug|Win32
		{5E7CCE85-7B0E-4C55-8ACF-F2B83ADB02C6}.Release|x64.ActiveCfg = Release|x64
		{5E7CCE85-7B0E-4C55-8ACF-F2B83ADB02C6}.Release|x64.Build.0 = Release|x64
		{5E7CCE85-7B0E-4C55-8ACF-F2B83ADB02C6}.Release|x86.ActiveCfg = Release|Win32
		{5E7CCE85-7B0E-4C55-8ACF-F2B83ADB02C6}.Release|x86.Build.0 = Release|Win32
		{55A536F1-E013-4A7C-925F-6CEBE5E088D0}.Debug|x64.ActiveCfg = Debug|x64
		{55A536F1-E013-4A7C-925F-6CEBE5E088D0}.Debug|x64.Build.0 = Debug|x64
		{55A536F1-E013-4A7C-925F-6CEBE5E088D0}.Debug|x86.ActiveCfg = Debug|Win32
		{55A536F1-E013-4A7C-925F-6CEBE5E088D0}.Debug|x86.Build.0 = Debug|Win32
		{55A536F1-E013-4A7C-925F-6CEBE5E088D0}.Release|x64.ActiveCfg = Release|x64
		{55A536F1-E013-4A7C-925F-6CEBE5E088D0}.Release|x64.Build.0 = Release|x64
		{55A536F1-E013-4A7C-925F-6CEBE5E088D0}.Release|x86.ActiveCfg = Release|Win32
		{55A536F1-E013-4A7C-925F-6CEBE5E088D0}.Release|x86.Build.0 = Release|Win32
	EndGlobalSection
	GlobalSection(SolutionProperties) = preSolution
		HideSolutionNode = FALSE
	EndGlobalSection
	GlobalSection(ExtensibilityGlobals) = postSolution
		SolutionGuid = {B8FB7336-9824-4A3E-AA10-AD7DE4BD12CD}
	EndGlobalSection
EndGlobal
